
Microsoft Visual Studio Solution File, Format Version 12.00
# Visual Studio Version 17
VisualStudioVersion = 17.4.33213.308
MinimumVisualStudioVersion = 10.0.40219.1
Project("{FAE04EC0-301F-11D3-BF4B-00C04F79EFBC}") = "TeacherOrganizer", "TeacherOrganizer\TeacherOrganizer.csproj", "{5EA05685-958B-4DB9-96E9-FB5579AB7747}"
EndProject
Global
	GlobalSection(SolutionConfigurationPlatforms) = preSolution
		Debug|Any CPU = Debug|Any CPU
		Release|Any CPU = Release|Any CPU
	EndGlobalSection
	GlobalSection(ProjectConfigurationPlatforms) = postSolution
		{5EA05685-958B-4DB9-96E9-FB5579AB7747}.Debug|Any CPU.ActiveCfg = Debug|Any CPU
		{5EA05685-958B-4DB9-96E9-FB5579AB7747}.Debug|Any CPU.Build.0 = Debug|Any CPU
		{5EA05685-958B-4DB9-96E9-FB5579AB7747}.Release|Any CPU.ActiveCfg = Release|Any CPU
		{5EA05685-958B-4DB9-96E9-FB5579AB7747}.Release|Any CPU.Build.0 = Release|Any CPU
	EndGlobalSection
	GlobalSection(SolutionProperties) = preSolution
		HideSolutionNode = FALSE
	EndGlobalSection
	GlobalSection(ExtensibilityGlobals) = postSolution
		SolutionGuid = {45175B26-BF79-4359-B3E3-EF7800761375}
	EndGlobalSection
EndGlobal
